
Microsoft Visual Studio Solution File, Format Version 12.00
# Visual Studio Version 16
VisualStudioVersion = 16.0.32106.194
MinimumVisualStudioVersion = 10.0.40219.1
Project("{FAE04EC0-301F-11D3-BF4B-00C04F79EFBC}") = "NFeReader", "NFeReader\NFeReader.csproj", "{CA0735EB-D299-4F4D-B78F-94AE72C421E8}"
EndProject
Global
	GlobalSection(SolutionConfigurationPlatforms) = preSolution
		Debug|Any CPU = Debug|Any CPU
		Release|Any CPU = Release|Any CPU
	EndGlobalSection
	GlobalSection(ProjectConfigurationPlatforms) = postSolution
		{CA0735EB-D299-4F4D-B78F-94AE72C421E8}.Debug|Any CPU.ActiveCfg = Debug|Any CPU
		{CA0735EB-D299-4F4D-B78F-94AE72C421E8}.Debug|Any CPU.Build.0 = Debug|Any CPU
		{CA0735EB-D299-4F4D-B78F-94AE72C421E8}.Release|Any CPU.ActiveCfg = Release|Any CPU
		{CA0735EB-D299-4F4D-B78F-94AE72C421E8}.Release|Any CPU.Build.0 = Release|Any CPU
	EndGlobalSection
	GlobalSection(SolutionProperties) = preSolution
		HideSolutionNode = FALSE
	EndGlobalSection
	GlobalSection(ExtensibilityGlobals) = postSolution
		SolutionGuid = {EC1026FF-1D01-4863-B5A0-296255E806EC}
	EndGlobalSection
EndGlobal
